
Microsoft Visual Studio Solution File, Format Version 12.00
# Visual Studio Version 17
VisualStudioVersion = 17.14.36414.22 d17.14
MinimumVisualStudioVersion = 10.0.40219.1
Project("{FAE04EC0-301F-11D3-BF4B-00C04F79EFBC}") = "Math_Model_All_Work", "Math_Model_All_Work\Math_Model_All_Work.csproj", "{FDA149B5-14ED-481A-A879-D0389C93DB01}"
EndProject
Global
	GlobalSection(SolutionConfigurationPlatforms) = preSolution
		Debug|Any CPU = Debug|Any CPU
		Release|Any CPU = Release|Any CPU
	EndGlobalSection
	GlobalSection(ProjectConfigurationPlatforms) = postSolution
		{FDA149B5-14ED-481A-A879-D0389C93DB01}.Debug|Any CPU.ActiveCfg = Debug|Any CPU
		{FDA149B5-14ED-481A-A879-D0389C93DB01}.Debug|Any CPU.Build.0 = Debug|Any CPU
		{FDA149B5-14ED-481A-A879-D0389C93DB01}.Release|Any CPU.ActiveCfg = Release|Any CPU
		{FDA149B5-14ED-481A-A879-D0389C93DB01}.Release|Any CPU.Build.0 = Release|Any CPU
	EndGlobalSection
	GlobalSection(SolutionProperties) = preSolution
		HideSolutionNode = FALSE
	EndGlobalSection
	GlobalSection(ExtensibilityGlobals) = postSolution
		SolutionGuid = {A45BF5EC-998B-4E33-9A04-1DA3D5A5AEDA}
	EndGlobalSection
EndGlobal
